{
  "nodes": {
    "hk": {
      "inputs": {
        "nixpkgs": [
          "itok",
          "hk",
          "nixpkgs-lock",
          "nixpkgs"
        ],
        "nixpkgs-lock": [
          "itok",
          "nixpkgs-lock"
        ]
      },
      "locked": {
        "lastModified": 1789817970,
        "narHash": "sha256-q/pSSRnGdouzdH8dtQUV2ZhMeNB/B9dNXlwS7U8HEts=",
        "owner": "pr0d1r2",
        "repo": "nix-hk",
        "rev": "a063d34d951e733086a63b6704dad12ac9934d3f",
        "type": "github"
      },
      "original": {
        "owner": "pr0d1r2",
        "repo": "nix-hk",
        "type": "github"
      }
    },
    "itok": {
      "inputs": {
        "hk": "hk",
        "microlith": "microlith",
        "nixpkgs": [
          "itok",
          "nixpkgs-lock",
          "nixpkgs"
        ],
        "nixpkgs-lock": [
          "nixpkgs-lock"
        ]
      },
      "locked": {
        "lastModified": 1790823531,
        "narHash": "sha256-IfgrYqEO4k38kqHTV6aQ3a45ZPDZqzY7NpRSbCBNXSM=",
        "owner": "pr0d1r2",
        "repo": "itok",
        "rev": "85186e43c03ca043e2bd00229587eb004528785e",
        "type": "github"
      },
      "original": {
        "owner": "pr0d1r2",
        "repo": "itok",
        "type": "github"
      }
    },
    "itok_2": {
      "inputs": {
        "hk": [
          "microlith",
          "nix-hk"
        ],
        "microlith": "microlith_3",
        "nixpkgs": [
          "microlith",
          "itok",
          "nixpkgs-lock",
          "nixpkgs"
        ],
        "nixpkgs-lock": [
          "microlith",
          "nixpkgs-lock"
        ]
      },
      "locked": {
        "lastModified": 1790823531,
        "narHash": "sha256-IfgrYqEO4k38kqHTV6aQ3a45ZPDZqzY7NpRSbCBNXSM=",
        "owner": "pr0d1r2",
        "repo": "itok",
        "rev": "85186e43c03ca043e2bd00229587eb004528785e",
        "type": "github"
      },
      "original": {
        "owner": "pr0d1r2",
        "repo": "itok",
        "type": "github"
      }
    },
    "microlith": {
      "inputs": {
        "nix-hk": [
          "itok",
          "hk"
        ],
        "nixpkgs": [
          "itok",
          "microlith",
          "nixpkgs-lock",
          "nixpkgs"
        ],
        "nixpkgs-lock": [
          "itok",
          "nixpkgs-lock"
        ]
      },
      "locked": {
        "lastModified": 1786709569,
        "narHash": "sha256-KLxL48Qug7X0R9F/bG0MpJTsn/kmQz17CXQN4saLsks=",
        "owner": "pr0d1r2",
        "repo": "microlith",
        "rev": "aa0380ac3b51b8d46bd536de28ea83452f01be90",
        "type": "github"
      },
      "original": {
        "owner": "pr0d1r2",
        "ref": "v0.6.1",
        "repo": "microlith",
        "type": "github"
      }
    },
    "microlith_2": {
      "inputs": {
        "itok": "itok_2",
        "nix-hk": "nix-hk",
        "nixpkgs": [
          "microlith",
          "nixpkgs-lock",
          "nixpkgs"
        ],
        "nixpkgs-lock": [
          "nixpkgs-lock"
        ]
      },
      "locked": {
        "lastModified": 1790834350,
        "narHash": "sha256-QQvunzgzWwYgbvKi96gPc0s7C8SEDCwCFq5D/rej/4U=",
        "owner": "pr0d1r2",
        "repo": "microlith",
        "rev": "1b46c1b11ecb76ab3fee9aabf279349e3f55487d",
        "type": "github"
      },
      "original": {
        "owner": "pr0d1r2",
        "repo": "microlith",
        "type": "github"
      }
    },
    "microlith_3": {
      "inputs": {
        "nix-hk": [
          "microlith",
          "itok",
          "hk"
        ],
        "nixpkgs": [
          "microlith",
          "itok",
          "microlith",
          "nixpkgs-lock",
          "nixpkgs"
        ],
        "nixpkgs-lock": [
          "microlith",
          "itok",
          "nixpkgs-lock"
        ]
      },
      "locked": {
        "lastModified": 1786709569,
        "narHash": "sha256-KLxL48Qug7X0R9F/bG0MpJTsn/kmQz17CXQN4saLsks=",
        "owner": "pr0d1r2",
        "repo": "microlith",
        "rev": "aa0380ac3b51b8d46bd536de28ea83452f01be90",
        "type": "github"
      },
      "original": {
        "owner": "pr0d1r2",
        "ref": "v0.6.1",
        "repo": "microlith",
        "type": "github"
      }
    },
    "nix-hk": {
      "inputs": {
        "nixpkgs": [
          "microlith",
          "nix-hk",
          "nixpkgs-lock",
          "nixpkgs"
        ],
        "nixpkgs-lock": [
          "microlith",
          "nixpkgs-lock"
        ]
      },
      "locked": {
        "lastModified": 1789817970,
        "narHash": "sha256-q/pSSRnGdouzdH8dtQUV2ZhMeNB/B9dNXlwS7U8HEts=",
        "owner": "pr0d1r2",
        "repo": "nix-hk",
        "rev": "a063d34d951e733086a63b6704dad12ac9934d3f",
        "type": "github"
      },
      "original": {
        "owner": "pr0d1r2",
        "repo": "nix-hk",
        "type": "github"
      }
    },
    "nix-hk_2": {
      "inputs": {
        "nixpkgs": [
          "nix-hk",
          "nixpkgs-lock",
          "nixpkgs"
        ],
        "nixpkgs-lock": [
          "nixpkgs-lock"
        ]
      },
      "locked": {
        "lastModified": 1789817970,
        "narHash": "sha256-q/pSSRnGdouzdH8dtQUV2ZhMeNB/B9dNXlwS7U8HEts=",
        "owner": "pr0d1r2",
        "repo": "nix-hk",
        "rev": "a063d34d951e733086a63b6704dad12ac9934d3f",
        "type": "github"
      },
      "original": {
        "owner": "pr0d1r2",
        "repo": "nix-hk",
        "type": "github"
      }
    },
    "nix-hk_3": {
      "inputs": {
        "nixpkgs": [
          "sherd",
          "nix-hk",
          "nixpkgs-lock",
          "nixpkgs"
        ],
        "nixpkgs-lock": [
          "sherd",
          "nixpkgs-lock"
        ]
      },
      "locked": {
        "lastModified": 1789817970,
        "narHash": "sha256-q/pSSRnGdouzdH8dtQUV2ZhMeNB/B9dNXlwS7U8HEts=",
        "owner": "pr0d1r2",
        "repo": "nix-hk",
        "rev": "a063d34d951e733086a63b6704dad12ac9934d3f",
        "type": "github"
      },
      "original": {
        "owner": "pr0d1r2",
        "repo": "nix-hk",
        "type": "github"
      }
    },
    "nixpkgs": {
      "locked": {
        "lastModified": 1790750587,
        "narHash": "sha256-VfjaoJ1Uyb7JZTrBgE5Jf2nhjtQPmD9KOd19HJwmZwM=",
        "owner": "NixOS",
        "repo": "nixpkgs",
        "rev": "78e9c786dc08cd4f3420c2395cd977206a9b1da2",
        "type": "github"
      },
      "original": {
        "owner": "NixOS",
        "ref": "nixos-26.05",
        "repo": "nixpkgs",
        "type": "github"
      }
    },
    "nixpkgs-lock": {
      "inputs": {
        "nixpkgs": "nixpkgs"
      },
      "locked": {
        "lastModified": 1790819518,
        "narHash": "sha256-BgbWTL4GBvzvDl83gGu+BdeQ2zbnZq0iM8CBSlfavt0=",
        "owner": "pr0d1r2",
        "repo": "nixpkgs-lock",
        "rev": "52bf2b34779d9ef06b0d017dd73f342f5f9ff9f6",
        "type": "github"
      },
      "original": {
        "owner": "pr0d1r2",
        "repo": "nixpkgs-lock",
        "type": "github"
      }
    },
    "root": {
      "inputs": {
        "itok": "itok",
        "microlith": "microlith_2",
        "nix-hk": "nix-hk_2",
        "nixpkgs": [
          "nixpkgs-lock",
          "nixpkgs"
        ],
        "nixpkgs-lock": "nixpkgs-lock",
        "sherd": "sherd"
      }
    },
    "sherd": {
      "inputs": {
        "nix-hk": "nix-hk_3",
        "nixpkgs": [
          "sherd",
          "nixpkgs-lock",
          "nixpkgs"
        ],
        "nixpkgs-lock": [
          "nixpkgs-lock"
        ]
      },
      "locked": {
        "lastModified": 1790798764,
        "narHash": "sha256-oWMWqIZ7t9lOzUUl1TcQtDq1sZvZyhlS4mXV2maoWIE=",
        "owner": "pr0d1r2",
        "repo": "sherd",
        "rev": "0479d3f8875f3994d107bbc9c3b9260e95ccd436",
        "type": "github"
      },
      "original": {
        "owner": "pr0d1r2",
        "repo": "sherd",
        "type": "github"
      }
    }
  },
  "root": "root",
  "version": 7
}
