{
  "nodes": {
    "hk": {
      "inputs": {
        "nixpkgs": [
          "itok",
          "hk",
          "nixpkgs-lock",
          "nixpkgs"
        ],
        "nixpkgs-lock": [
          "itok",
          "nixpkgs-lock"
        ]
      },
      "locked": {
        "lastModified": 1789817970,
        "narHash": "sha256-q/pSSRnGdouzdH8dtQUV2ZhMeNB/B9dNXlwS7U8HEts=",
        "owner": "pr0d1r2",
        "repo": "nix-hk",
        "rev": "a063d34d951e733086a63b6704dad12ac9934d3f",
        "type": "github"
      },
      "original": {
        "owner": "pr0d1r2",
        "repo": "nix-hk",
        "type": "github"
      }
    },
    "itok": {
      "inputs": {
        "hk": "hk",
        "microlith": "microlith",
        "nixpkgs": [
          "itok",
          "nixpkgs-lock",
          "nixpkgs"
        ],
        "nixpkgs-lock": [
          "nixpkgs-lock"
        ]
      },
      "locked": {
        "lastModified": 1790574450,
        "narHash": "sha256-LFGDkQ97mMI0+DCdqzcPt/tk6r7x+P8XwP5kQR4d1ws=",
        "owner": "pr0d1r2",
        "repo": "itok",
        "rev": "84050501804d518caeba34c11073a562091cd8b6",
        "type": "github"
      },
      "original": {
        "owner": "pr0d1r2",
        "repo": "itok",
        "type": "github"
      }
    },
    "itok_2": {
      "inputs": {
        "hk": [
          "microlith",
          "nix-hk"
        ],
        "microlith": "microlith_3",
        "nixpkgs": [
          "microlith",
          "itok",
          "nixpkgs-lock",
          "nixpkgs"
        ],
        "nixpkgs-lock": [
          "microlith",
          "nixpkgs-lock"
        ]
      },
      "locked": {
        "lastModified": 1789819877,
        "narHash": "sha256-o9nrb4qcZvHUp1Kjrx9L6Z6r/EdUImEpF+v1VP38gfw=",
        "owner": "pr0d1r2",
        "repo": "itok",
        "rev": "fee1e542bf4e19352b0de3704cf999e6986a652b",
        "type": "github"
      },
      "original": {
        "owner": "pr0d1r2",
        "repo": "itok",
        "type": "github"
      }
    },
    "microlith": {
      "inputs": {
        "nix-hk": [
          "itok",
          "hk"
        ],
        "nixpkgs": [
          "itok",
          "microlith",
          "nixpkgs-lock",
          "nixpkgs"
        ],
        "nixpkgs-lock": [
          "itok",
          "nixpkgs-lock"
        ]
      },
      "locked": {
        "lastModified": 1786709569,
        "narHash": "sha256-KLxL48Qug7X0R9F/bG0MpJTsn/kmQz17CXQN4saLsks=",
        "owner": "pr0d1r2",
        "repo": "microlith",
        "rev": "aa0380ac3b51b8d46bd536de28ea83452f01be90",
        "type": "github"
      },
      "original": {
        "owner": "pr0d1r2",
        "ref": "v0.6.1",
        "repo": "microlith",
        "type": "github"
      }
    },
    "microlith_2": {
      "inputs": {
        "itok": "itok_2",
        "nix-hk": "nix-hk",
        "nixpkgs": [
          "microlith",
          "nixpkgs-lock",
          "nixpkgs"
        ],
        "nixpkgs-lock": [
          "nixpkgs-lock"
        ]
      },
      "locked": {
        "lastModified": 1790558131,
        "narHash": "sha256-anMtccOj8QJtYA4zC+LFxXj7EWuAxDOCxTh2TqL+9dU=",
        "owner": "pr0d1r2",
        "repo": "microlith",
        "rev": "12f5ca989a5b023b6b1614f4ab96d2d3b4ce0821",
        "type": "github"
      },
      "original": {
        "owner": "pr0d1r2",
        "repo": "microlith",
        "type": "github"
      }
    },
    "microlith_3": {
      "inputs": {
        "nix-hk": [
          "microlith",
          "itok",
          "hk"
        ],
        "nixpkgs": [
          "microlith",
          "itok",
          "microlith",
          "nixpkgs-lock",
          "nixpkgs"
        ],
        "nixpkgs-lock": [
          "microlith",
          "itok",
          "nixpkgs-lock"
        ]
      },
      "locked": {
        "lastModified": 1786709569,
        "narHash": "sha256-KLxL48Qug7X0R9F/bG0MpJTsn/kmQz17CXQN4saLsks=",
        "owner": "pr0d1r2",
        "repo": "microlith",
        "rev": "aa0380ac3b51b8d46bd536de28ea83452f01be90",
        "type": "github"
      },
      "original": {
        "owner": "pr0d1r2",
        "ref": "v0.6.1",
        "repo": "microlith",
        "type": "github"
      }
    },
    "nix-hk": {
      "inputs": {
        "nixpkgs": [
          "microlith",
          "nix-hk",
          "nixpkgs-lock",
          "nixpkgs"
        ],
        "nixpkgs-lock": [
          "microlith",
          "nixpkgs-lock"
        ]
      },
      "locked": {
        "lastModified": 1789817970,
        "narHash": "sha256-q/pSSRnGdouzdH8dtQUV2ZhMeNB/B9dNXlwS7U8HEts=",
        "owner": "pr0d1r2",
        "repo": "nix-hk",
        "rev": "a063d34d951e733086a63b6704dad12ac9934d3f",
        "type": "github"
      },
      "original": {
        "owner": "pr0d1r2",
        "repo": "nix-hk",
        "type": "github"
      }
    },
    "nix-hk_2": {
      "inputs": {
        "nixpkgs": [
          "nix-hk",
          "nixpkgs-lock",
          "nixpkgs"
        ],
        "nixpkgs-lock": [
          "nixpkgs-lock"
        ]
      },
      "locked": {
        "lastModified": 1789817970,
        "narHash": "sha256-q/pSSRnGdouzdH8dtQUV2ZhMeNB/B9dNXlwS7U8HEts=",
        "owner": "pr0d1r2",
        "repo": "nix-hk",
        "rev": "a063d34d951e733086a63b6704dad12ac9934d3f",
        "type": "github"
      },
      "original": {
        "owner": "pr0d1r2",
        "repo": "nix-hk",
        "type": "github"
      }
    },
    "nix-hk_3": {
      "inputs": {
        "nixpkgs": [
          "sherd",
          "nix-hk",
          "nixpkgs-lock",
          "nixpkgs"
        ],
        "nixpkgs-lock": [
          "sherd",
          "nixpkgs-lock"
        ]
      },
      "locked": {
        "lastModified": 1789817970,
        "narHash": "sha256-q/pSSRnGdouzdH8dtQUV2ZhMeNB/B9dNXlwS7U8HEts=",
        "owner": "pr0d1r2",
        "repo": "nix-hk",
        "rev": "a063d34d951e733086a63b6704dad12ac9934d3f",
        "type": "github"
      },
      "original": {
        "owner": "pr0d1r2",
        "repo": "nix-hk",
        "type": "github"
      }
    },
    "nixpkgs": {
      "locked": {
        "lastModified": 1790533781,
        "narHash": "sha256-F+b8u43BVF5DlM0pz7JQSbtbwKy5PrHIT5zQUekXsD0=",
        "owner": "NixOS",
        "repo": "nixpkgs",
        "rev": "cf5e76507c6e23b59f7e0ffcc7baa2a39ddd8442",
        "type": "github"
      },
      "original": {
        "owner": "NixOS",
        "ref": "nixos-26.05",
        "repo": "nixpkgs",
        "type": "github"
      }
    },
    "nixpkgs-lock": {
      "inputs": {
        "nixpkgs": "nixpkgs"
      },
      "locked": {
        "lastModified": 1790584188,
        "narHash": "sha256-ubJ2j9W8x7C+YFiPbS8Z5n/kQZtD5K/cuFnt4mrBp/4=",
        "owner": "pr0d1r2",
        "repo": "nixpkgs-lock",
        "rev": "d0a0a37efb4c8b0bed62ddc651bd71cd19e7e151",
        "type": "github"
      },
      "original": {
        "owner": "pr0d1r2",
        "repo": "nixpkgs-lock",
        "type": "github"
      }
    },
    "root": {
      "inputs": {
        "itok": "itok",
        "microlith": "microlith_2",
        "nix-hk": "nix-hk_2",
        "nixpkgs": [
          "nixpkgs-lock",
          "nixpkgs"
        ],
        "nixpkgs-lock": "nixpkgs-lock",
        "sherd": "sherd"
      }
    },
    "sherd": {
      "inputs": {
        "nix-hk": "nix-hk_3",
        "nixpkgs": [
          "sherd",
          "nixpkgs-lock",
          "nixpkgs"
        ],
        "nixpkgs-lock": [
          "nixpkgs-lock"
        ]
      },
      "locked": {
        "lastModified": 1790584364,
        "narHash": "sha256-caFD9ShPMMXkeLX40BOrl+iXihNcbxDW9FNew+mxrL8=",
        "owner": "pr0d1r2",
        "repo": "sherd",
        "rev": "601058a218b7608d230fb8ea00f9e5f091bd0a7d",
        "type": "github"
      },
      "original": {
        "owner": "pr0d1r2",
        "repo": "sherd",
        "type": "github"
      }
    }
  },
  "root": "root",
  "version": 7
}
